
Microsoft Visual Studio Solution File, Format Version 12.00
# Visual Studio Version 17
VisualStudioVersion = 17.11.35327.3
MinimumVisualStudioVersion = 10.0.40219.1
Project("{FAE04EC0-301F-11D3-BF4B-00C04F79EFBC}") = "ToDoListApi", "ToDoListApi\ToDoListApi.csproj", "{40322D0C-ABE1-4B0E-8A55-F0AC5D0AAADE}"
EndProject
Global
	GlobalSection(SolutionConfigurationPlatforms) = preSolution
		Debug|Any CPU = Debug|Any CPU
		Release|Any CPU = Release|Any CPU
	EndGlobalSection
	GlobalSection(ProjectConfigurationPlatforms) = postSolution
		{40322D0C-ABE1-4B0E-8A55-F0AC5D0AAADE}.Debug|Any CPU.ActiveCfg = Debug|Any CPU
		{40322D0C-ABE1-4B0E-8A55-F0AC5D0AAADE}.Debug|Any CPU.Build.0 = Debug|Any CPU
		{40322D0C-ABE1-4B0E-8A55-F0AC5D0AAADE}.Release|Any CPU.ActiveCfg = Release|Any CPU
		{40322D0C-ABE1-4B0E-8A55-F0AC5D0AAADE}.Release|Any CPU.Build.0 = Release|Any CPU
	EndGlobalSection
	GlobalSection(SolutionProperties) = preSolution
		HideSolutionNode = FALSE
	EndGlobalSection
	GlobalSection(ExtensibilityGlobals) = postSolution
		SolutionGuid = {632FD345-D3A5-4153-AA28-41194AC0844A}
	EndGlobalSection
EndGlobal
